
Microsoft Visual Studio Solution File, Format Version 12.00
# Visual Studio Version 17
VisualStudioVersion = 17.14.36616.10
MinimumVisualStudioVersion = 10.0.40219.1
Project("{FAE04EC0-301F-11D3-BF4B-00C04F79EFBC}") = "Turnero.Front", "Turnero.Front\Turnero.Front.csproj", "{F0D6868C-B6D1-4B3E-9A2A-55E14C2E1340}"
EndProject
Project("{FAE04EC0-301F-11D3-BF4B-00C04F79EFBC}") = "Turnero.Back", "Turnero.Back\Turnero.Back.csproj", "{5FA432C7-8749-418F-9476-F565670DFE7F}"
EndProject
Global
	GlobalSection(SolutionConfigurationPlatforms) = preSolution
		Debug|Any CPU = Debug|Any CPU
		Release|Any CPU = Release|Any CPU
	EndGlobalSection
	GlobalSection(ProjectConfigurationPlatforms) = postSolution
		{F0D6868C-B6D1-4B3E-9A2A-55E14C2E1340}.Debug|Any CPU.ActiveCfg = Debug|Any CPU
		{F0D6868C-B6D1-4B3E-9A2A-55E14C2E1340}.Debug|Any CPU.Build.0 = Debug|Any CPU
		{F0D6868C-B6D1-4B3E-9A2A-55E14C2E1340}.Release|Any CPU.ActiveCfg = Release|Any CPU
		{F0D6868C-B6D1-4B3E-9A2A-55E14C2E1340}.Release|Any CPU.Build.0 = Release|Any CPU
		{5FA432C7-8749-418F-9476-F565670DFE7F}.Debug|Any CPU.ActiveCfg = Debug|Any CPU
		{5FA432C7-8749-418F-9476-F565670DFE7F}.Debug|Any CPU.Build.0 = Debug|Any CPU
		{5FA432C7-8749-418F-9476-F565670DFE7F}.Release|Any CPU.ActiveCfg = Release|Any CPU
		{5FA432C7-8749-418F-9476-F565670DFE7F}.Release|Any CPU.Build.0 = Release|Any CPU
	EndGlobalSection
	GlobalSection(SolutionProperties) = preSolution
		HideSolutionNode = FALSE
	EndGlobalSection
	GlobalSection(ExtensibilityGlobals) = postSolution
		SolutionGuid = {0704EEC7-EC36-4697-A7A5-F07AA613B09F}
	EndGlobalSection
EndGlobal
